
Microsoft Visual Studio Solution File, Format Version 12.00
# Visual Studio Version 17
VisualStudioVersion = 17.4.33205.214
MinimumVisualStudioVersion = 10.0.40219.1
Project("{FAE04EC0-301F-11D3-BF4B-00C04F79EFBC}") = "Employee Form Using HTML and CSS", "Employee Form Using HTML and CSS\Employee Form Using HTML and CSS.csproj", "{6FF2AFC3-8050-491A-B63F-6181470A47AB}"
EndProject
Global
	GlobalSection(SolutionConfigurationPlatforms) = preSolution
		Debug|Any CPU = Debug|Any CPU
		Release|Any CPU = Release|Any CPU
	EndGlobalSection
	GlobalSection(ProjectConfigurationPlatforms) = postSolution
		{6FF2AFC3-8050-491A-B63F-6181470A47AB}.Debug|Any CPU.ActiveCfg = Debug|Any CPU
		{6FF2AFC3-8050-491A-B63F-6181470A47AB}.Debug|Any CPU.Build.0 = Debug|Any CPU
		{6FF2AFC3-8050-491A-B63F-6181470A47AB}.Release|Any CPU.ActiveCfg = Release|Any CPU
		{6FF2AFC3-8050-491A-B63F-6181470A47AB}.Release|Any CPU.Build.0 = Release|Any CPU
	EndGlobalSection
	GlobalSection(SolutionProperties) = preSolution
		HideSolutionNode = FALSE
	EndGlobalSection
	GlobalSection(ExtensibilityGlobals) = postSolution
		SolutionGuid = {06B2C2A6-07F1-441C-83FF-2D8DE37ABDE3}
	EndGlobalSection
EndGlobal
